PODS:
  - CocoaAsyncSocket (7.3.5)
  - DACircularProgress (2.2.0)
  - MBProgressHUD (0.8)
  - MWPhotoBrowser (1.4.0):
    - DACircularProgress
    - MBProgressHUD (~> 0.8)
    - PSTCollectionView (~> 1.2)
    - SDWebImage (~> 3.5.4)
  - PSTCollectionView (1.2.1)
  - SDWebImage (3.5.4):
    - SDWebImage/Core
  - SDWebImage/Core (3.5.4)
  - SSKeychain (1.2.2)

DEPENDENCIES:
  - CocoaAsyncSocket
  - MWPhotoBrowser
  - SSKeychain

SPEC CHECKSUMS:
  CocoaAsyncSocket: 45bdbbc1c0a5ed0640ff4c42af325ba43a2f099a
  DACircularProgress: 3b41941891a56dc6aa17971f5322a9a38a6f446e
  MBProgressHUD: c356980b0cd097f19acec959b49dca5eb8ec31be
  MWPhotoBrowser: 4efcdb9da34751f97992128a5356f3929d1af537
  PSTCollectionView: a63299550ad566b579479d07cb5e2bf61148686b
  SDWebImage: 571295c8acbb699505a0f68e54506147c3de9ea7
  SSKeychain: cc48bd3ad24fcd9125adb9e0d23dd50b8bbd08b9

COCOAPODS: 0.33.1
